
Microsoft Visual Studio Solution File, Format Version 12.00
# Visual Studio Version 16
VisualStudioVersion = 16.0.30114.105
MinimumVisualStudioVersion = 10.0.40219.1
Project("{FAE04EC0-301F-11D3-BF4B-00C04F79EFBC}") = "ZooFinances", "WindowsFormsApp1\ZooFinances.csproj", "{FC0C36C7-A63A-43B5-99E3-569F911A15D5}"
EndProject
Project("{2150E333-8FDC-42A3-9474-1A3956D46DE8}") = "Solution Items", "Solution Items", "{6610364B-D245-4595-923E-63C1733A8416}"
	ProjectSection(SolutionItems) = preProject
		.editorconfig = .editorconfig
	EndProjectSection
EndProject
Global
	GlobalSection(SolutionConfigurationPlatforms) = preSolution
		Debug|Any CPU = Debug|Any CPU
		Release|Any CPU = Release|Any CPU
	EndGlobalSection
	GlobalSection(ProjectConfigurationPlatforms) = postSolution
		{FC0C36C7-A63A-43B5-99E3-569F911A15D5}.Debug|Any CPU.ActiveCfg = Debug|Any CPU
		{FC0C36C7-A63A-43B5-99E3-569F911A15D5}.Debug|Any CPU.Build.0 = Debug|Any CPU
		{FC0C36C7-A63A-43B5-99E3-569F911A15D5}.Release|Any CPU.ActiveCfg = Release|Any CPU
		{FC0C36C7-A63A-43B5-99E3-569F911A15D5}.Release|Any CPU.Build.0 = Release|Any CPU
	EndGlobalSection
	GlobalSection(SolutionProperties) = preSolution
		HideSolutionNode = FALSE
	EndGlobalSection
	GlobalSection(ExtensibilityGlobals) = postSolution
		SolutionGuid = {6AB95C12-F725-4331-ABF0-EFD873D9D245}
	EndGlobalSection
EndGlobal
